{
  "name": "my-electron-app",
  "version": "1.0.0",
  "lockfileVersion": 2,
  "requires": true,
  "packages": {
    "": {
      "name": "my-electron-app",
      "version": "1.0.0",
      "license": "ISC",
      "dependencies": {
        "@capacitor/android": "^3.5.0",
        "@capacitor/core": "^3.5.0"
      }
    },
    "node_modules/@capacitor/android": {
      "version": "3.5.0",
      "resolved": "https://registry.npmjs.org/@capacitor/android/-/android-3.5.0.tgz",
      "integrity": "sha512-1SiTMMdd+urvDRrSLDmrFUU9Ldm8B2mUzVNvx8u1zgagZVPNQLoMY4WX8EkpPjt4+D6YIoBjdqb72LID9Iip6A==",
      "peerDependencies": {
        "@capacitor/core": "^3.5.0"
      }
    },
    "node_modules/@capacitor/core": {
      "version": "3.5.0",
      "resolved": "https://registry.npmjs.org/@capacitor/core/-/core-3.5.0.tgz",
      "integrity": "sha512-+CFSG+CztpFIir9gGqNEtAYuf6OWryQ8dojXoeozAkoz3mKvyFfcEfvLVPo/pw/B4zHIlNnJLHne6vbjAFbDKQ==",
      "dependencies": {
        "tslib": "^2.1.0"
      }
    },
    "node_modules/tslib": {
      "version": "2.4.0",
      "resolved": "https://registry.npmjs.org/tslib/-/tslib-2.4.0.tgz",
      "integrity": "sha512-d6xOpEDfsi2CZVlPQzGeux8XMwLT9hssAsaPYExaQMuYskwb+x1x7J371tWlbBdWHroy99KnVB6qIkUbs5X3UQ=="
    }
  },
  "dependencies": {
    "@capacitor/android": {
      "version": "3.5.0",
      "resolved": "https://registry.npmjs.org/@capacitor/android/-/android-3.5.0.tgz",
      "integrity": "sha512-1SiTMMdd+urvDRrSLDmrFUU9Ldm8B2mUzVNvx8u1zgagZVPNQLoMY4WX8EkpPjt4+D6YIoBjdqb72LID9Iip6A==",
      "requires": {}
    },
    "@capacitor/core": {
      "version": "3.5.0",
      "resolved": "https://registry.npmjs.org/@capacitor/core/-/core-3.5.0.tgz",
      "integrity": "sha512-+CFSG+CztpFIir9gGqNEtAYuf6OWryQ8dojXoeozAkoz3mKvyFfcEfvLVPo/pw/B4zHIlNnJLHne6vbjAFbDKQ==",
      "requires": {
        "tslib": "^2.1.0"
      }
    },
    "tslib": {
      "version": "2.4.0",
      "resolved": "https://registry.npmjs.org/tslib/-/tslib-2.4.0.tgz",
      "integrity": "sha512-d6xOpEDfsi2CZVlPQzGeux8XMwLT9hssAsaPYExaQMuYskwb+x1x7J371tWlbBdWHroy99KnVB6qIkUbs5X3UQ=="
    }
  }
}
